
Microsoft Visual Studio Solution File, Format Version 12.00
# Visual Studio 15
VisualStudioVersion = 15.0.27130.2027
MinimumVisualStudioVersion = 10.0.40219.1
Project("{FAE04EC0-301F-11D3-BF4B-00C04F79EFBC}") = "Cardan.WPFGit", "Cardan.WPFGit\Cardan.WPFGit.csproj", "{8195CDA2-B31C-4991-AF09-E5223D04E871}"
EndProject
Global
	GlobalSection(SolutionConfigurationPlatforms) = preSolution
		Debug|Any CPU = Debug|Any CPU
		Release|Any CPU = Release|Any CPU
	EndGlobalSection
	GlobalSection(ProjectConfigurationPlatforms) = postSolution
		{8195CDA2-B31C-4991-AF09-E5223D04E871}.Debug|Any CPU.ActiveCfg = Debug|Any CPU
		{8195CDA2-B31C-4991-AF09-E5223D04E871}.Debug|Any CPU.Build.0 = Debug|Any CPU
		{8195CDA2-B31C-4991-AF09-E5223D04E871}.Release|Any CPU.ActiveCfg = Release|Any CPU
		{8195CDA2-B31C-4991-AF09-E5223D04E871}.Release|Any CPU.Build.0 = Release|Any CPU
	EndGlobalSection
	GlobalSection(SolutionProperties) = preSolution
		HideSolutionNode = FALSE
	EndGlobalSection
	GlobalSection(ExtensibilityGlobals) = postSolution
		SolutionGuid = {AC37D9FC-8A72-4F73-97B4-BD690C54D869}
	EndGlobalSection
EndGlobal
